github.com/a-h/templ v0.2.334 h1:/mKupkgHGeSSeC0KiGRvmUoRGQJuku9VGVhRP1CeWgY=
github.com/a-h/templ v0.2.334/go.mod h1:6Lfhsl3Z4/vXl7jjEjkJRCqoWDGjDnuKgzjYMDSddas=
github.com/google/go-cmp v0.5.9 h1:O2Tfq5qg4qc4AmwVlvv0oLiVAGB7enBSJ2x2DqQFi38=
github.com/google/go-cmp v0.5.9/go.mod h1:17dUlkBOakJ0+DkrSSNjCkIjxS6bF9zb3elmeNGIjoY=
